{
  "version": 4,
  "terraform_version": "1.14.6",
  "serial": 7,
  "lineage": "fda320a9-612d-8aa0-a329-ea0b81a88ef9",
  "outputs": {},
  "resources": [
    {
      "mode": "managed",
      "type": "azurerm_resource_group",
      "name": "block1",
      "provider": "provider[\"registry.terraform.io/hashicorp/azurerm\"]",
      "instances": [
        {
          "schema_version": 0,
          "attributes": {
            "id": "/subscriptions/1a3d832a-d69d-49ee-b438-ba5fd2fc00bf/resourceGroups/yes",
            "location": "centralindia",
            "managed_by": "",
            "name": "yes",
            "tags": null,
            "timeouts": null
          },
          "sensitive_attributes": [],
          "identity_schema_version": 0,
          "identity": {
            "name": "yes",
            "subscription_id": "1a3d832a-d69d-49ee-b438-ba5fd2fc00bf"
          },
          "private": "eyJlMmJmYjczMC1lY2FhLTExZTYtOGY4OC0zNDM2M2JjN2M0YzAiOnsiY3JlYXRlIjo1NDAwMDAwMDAwMDAwLCJkZWxldGUiOjU0MDAwMDAwMDAwMDAsInJlYWQiOjMwMDAwMDAwMDAwMCwidXBkYXRlIjo1NDAwMDAwMDAwMDAwfX0="
        }
      ]
    }
  ],
  "check_results": null
}
